
Microsoft Visual Studio Solution File, Format Version 12.00
# Visual Studio Version 17
VisualStudioVersion = 17.4.33213.308
MinimumVisualStudioVersion = 10.0.40219.1
Project("{FAE04EC0-301F-11D3-BF4B-00C04F79EFBC}") = "Neural Network Learning Coursework", "Neural Network Learning Coursework\Neural Network Learning Coursework.csproj", "{A6E99F54-8AA8-456B-9CFE-2B8193C005CB}"
EndProject
Global
	GlobalSection(SolutionConfigurationPlatforms) = preSolution
		Debug|Any CPU = Debug|Any CPU
		Release|Any CPU = Release|Any CPU
	EndGlobalSection
	GlobalSection(ProjectConfigurationPlatforms) = postSolution
		{A6E99F54-8AA8-456B-9CFE-2B8193C005CB}.Debug|Any CPU.ActiveCfg = Debug|Any CPU
		{A6E99F54-8AA8-456B-9CFE-2B8193C005CB}.Debug|Any CPU.Build.0 = Debug|Any CPU
		{A6E99F54-8AA8-456B-9CFE-2B8193C005CB}.Release|Any CPU.ActiveCfg = Release|Any CPU
		{A6E99F54-8AA8-456B-9CFE-2B8193C005CB}.Release|Any CPU.Build.0 = Release|Any CPU
	EndGlobalSection
	GlobalSection(SolutionProperties) = preSolution
		HideSolutionNode = FALSE
	EndGlobalSection
	GlobalSection(ExtensibilityGlobals) = postSolution
		SolutionGuid = {B88E9295-9243-416B-910F-2A1003E055CD}
	EndGlobalSection
EndGlobal
